
Microsoft Visual Studio Solution File, Format Version 12.00
# Visual Studio Version 16
VisualStudioVersion = 16.0.31702.278
MinimumVisualStudioVersion = 10.0.40219.1
Project("{FAE04EC0-301F-11D3-BF4B-00C04F79EFBC}") = "Esercizio 6", "Esercizio 6.csproj", "{B8B3E1D5-C152-4127-975E-B36FF5881155}"
EndProject
Global
	GlobalSection(SolutionConfigurationPlatforms) = preSolution
		Debug|Any CPU = Debug|Any CPU
		Release|Any CPU = Release|Any CPU
	EndGlobalSection
	GlobalSection(ProjectConfigurationPlatforms) = postSolution
		{B8B3E1D5-C152-4127-975E-B36FF5881155}.Debug|Any CPU.ActiveCfg = Debug|Any CPU
		{B8B3E1D5-C152-4127-975E-B36FF5881155}.Debug|Any CPU.Build.0 = Debug|Any CPU
		{B8B3E1D5-C152-4127-975E-B36FF5881155}.Release|Any CPU.ActiveCfg = Release|Any CPU
		{B8B3E1D5-C152-4127-975E-B36FF5881155}.Release|Any CPU.Build.0 = Release|Any CPU
	EndGlobalSection
	GlobalSection(SolutionProperties) = preSolution
		HideSolutionNode = FALSE
	EndGlobalSection
	GlobalSection(ExtensibilityGlobals) = postSolution
		SolutionGuid = {BEED99B8-6FE2-4FA4-9042-3324B999EE1C}
	EndGlobalSection
EndGlobal
